// !$*UTF8*$!
{
	archiveVersion = 1;
	classes = {
	};
	objectVersion = 51;
	objects = {

/* Begin PBXBuildFile section */
		446BC19B25479367008F74D1 /* AppDelegate.swift in Sources */ = {isa = PBXBuildFile; fileRef = 446BC19A25479367008F74D1 /* AppDelegate.swift */; };
		446BC19D25479367008F74D1 /* SceneDelegate.swift in Sources */ = {isa = PBXBuildFile; fileRef = 446BC19C25479367008F74D1 /* SceneDelegate.swift */; };
		446BC1A225479367008F74D1 /* Main.storyboard in Resources */ = {isa = PBXBuildFile; fileRef = 446BC1A025479367008F74D1 /* Main.storyboard */; };
		446BC1A425479369008F74D1 /* Assets.xcassets in Resources */ = {isa = PBXBuildFile; fileRef = 446BC1A325479369008F74D1 /* Assets.xcassets */; };
		446BC1A725479369008F74D1 /* LaunchScreen.storyboard in Resources */ = {isa = PBXBuildFile; fileRef = 446BC1A525479369008F74D1 /* LaunchScreen.storyboard */; };
		446BC1B225479369008F74D1 /* ParstagramTests.swift in Sources */ = {isa = PBXBuildFile; fileRef = 446BC1B125479369008F74D1 /* ParstagramTests.swift */; };
		446BC1BD25479369008F74D1 /* ParstagramUITests.swift in Sources */ = {isa = PBXBuildFile; fileRef = 446BC1BC25479369008F74D1 /* ParstagramUITests.swift */; };
		446BC1DB254797C5008F74D1 /* LoginViewController.swift in Sources */ = {isa = PBXBuildFile; fileRef = 446BC1DA254797C5008F74D1 /* LoginViewController.swift */; };
		446BC1E0254797CD008F74D1 /* FeedViewController.swift in Sources */ = {isa = PBXBuildFile; fileRef = 446BC1DF254797CD008F74D1 /* FeedViewController.swift */; };
		446BC1ED25479DB3008F74D1 /* CameraViewController.swift in Sources */ = {isa = PBXBuildFile; fileRef = 446BC1EC25479DB3008F74D1 /* CameraViewController.swift */; };
		446BC20D2547A6D3008F74D1 /* PostCell.swift in Sources */ = {isa = PBXBuildFile; fileRef = 446BC20C2547A6D3008F74D1 /* PostCell.swift */; };
		D817864532EAFFD88AD59DA6 /* Pods_Parstagram.framework in Frameworks */ = {isa = PBXBuildFile; fileRef = 6C92DDC34C08718BD7B77575 /* Pods_Parstagram.framework */; };
/* End PBXBuildFile section */

/* Begin PBXContainerItemProxy section */
		446BC1AE25479369008F74D1 /* PBXContainerItemProxy */ = {
			isa = PBXContainerItemProxy;
			containerPortal = 446BC18F25479367008F74D1 /* Project object */;
			proxyType = 1;
			remoteGlobalIDString = 446BC19625479367008F74D1;
			remoteInfo = Parstagram;
		};
		446BC1B925479369008F74D1 /* PBXContainerItemProxy */ = {
			isa = PBXContainerItemProxy;
			containerPortal = 446BC18F25479367008F74D1 /* Project object */;
			proxyType = 1;
			remoteGlobalIDString = 446BC19625479367008F74D1;
			remoteInfo = Parstagram;
		};
/* End PBXContainerItemProxy section */

/* Begin PBXFileReference section */
		446BC19725479367008F74D1 /* Parstagram.app */ = {isa = PBXFileReference; explicitFileType = wrapper.application; includeInIndex = 0; path = Parstagram.app; sourceTree = BUILT_PRODUCTS_DIR; };
		446BC19A25479367008F74D1 /* AppDelegate.swift */ = {isa = PBXFileReference; lastKnownFileType = sourcecode.swift; path = AppDelegate.swift; sourceTree = "<group>"; };
		446BC19C25479367008F74D1 /* SceneDelegate.swift */ = {isa = PBXFileReference; lastKnownFileType = sourcecode.swift; path = SceneDelegate.swift; sourceTree = "<group>"; };
		446BC1A125479367008F74D1 /* Base */ = {isa = PBXFileReference; lastKnownFileType = file.storyboard; name = Base; path = Base.lproj/Main.storyboard; sourceTree = "<group>"; };
		446BC1A325479369008F74D1 /* Assets.xcassets */ = {isa = PBXFileReference; lastKnownFileType = folder.assetcatalog; path = Assets.xcassets; sourceTree = "<group>"; };
		446BC1A625479369008F74D1 /* Base */ = {isa = PBXFileReference; lastKnownFileType = file.storyboard; name = Base; path = Base.lproj/LaunchScreen.storyboard; sourceTree = "<group>"; };
		446BC1A825479369008F74D1 /* Info.plist */ = {isa = PBXFileReference; lastKnownFileType = text.plist.xml; path = Info.plist; sourceTree = "<group>"; };
		446BC1AD25479369008F74D1 /* ParstagramTests.xctest */ = {isa = PBXFileReference; explicitFileType = wrapper.cfbundle; includeInIndex = 0; path = ParstagramTests.xctest; sourceTree = BUILT_PRODUCTS_DIR; };
		446BC1B125479369008F74D1 /* ParstagramTests.swift */ = {isa = PBXFileReference; lastKnownFileType = sourcecode.swift; path = ParstagramTests.swift; sourceTree = "<group>"; };
		446BC1B325479369008F74D1 /* Info.plist */ = {isa = PBXFileReference; lastKnownFileType = text.plist.xml; path = Info.plist; sourceTree = "<group>"; };
		446BC1B825479369008F74D1 /* ParstagramUITests.xctest */ = {isa = PBXFileReference; explicitFileType = wrapper.cfbundle; includeInIndex = 0; path = ParstagramUITests.xctest; sourceTree = BUILT_PRODUCTS_DIR; };
		446BC1BC25479369008F74D1 /* ParstagramUITests.swift */ = {isa = PBXFileReference; lastKnownFileType = sourcecode.swift; path = ParstagramUITests.swift; sourceTree = "<group>"; };
		446BC1BE25479369008F74D1 /* Info.plist */ = {isa = PBXFileReference; lastKnownFileType = text.plist.xml; path = Info.plist; sourceTree = "<group>"; };
		446BC1DA254797C5008F74D1 /* LoginViewController.swift */ = {isa = PBXFileReference; lastKnownFileType = sourcecode.swift; path = LoginViewController.swift; sourceTree = "<group>"; };
		446BC1DF254797CD008F74D1 /* FeedViewController.swift */ = {isa = PBXFileReference; lastKnownFileType = sourcecode.swift; path = FeedViewController.swift; sourceTree = "<group>"; };
		446BC1EC25479DB3008F74D1 /* CameraViewController.swift */ = {isa = PBXFileReference; lastKnownFileType = sourcecode.swift; path = CameraViewController.swift; sourceTree = "<group>"; };
		446BC20C2547A6D3008F74D1 /* PostCell.swift */ = {isa = PBXFileReference; lastKnownFileType = sourcecode.swift; path = PostCell.swift; sourceTree = "<group>"; };
		51FB5FB1B4210241AF0AA217 /* Pods-Parstagram.release.xcconfig */ = {isa = PBXFileReference; includeInIndex = 1; lastKnownFileType = text.xcconfig; name = "Pods-Parstagram.release.xcconfig"; path = "Target Support Files/Pods-Parstagram/Pods-Parstagram.release.xcconfig"; sourceTree = "<group>"; };
		6C92DDC34C08718BD7B77575 /* Pods_Parstagram.framework */ = {isa = PBXFileReference; explicitFileType = wrapper.framework; includeInIndex = 0; path = Pods_Parstagram.framework; sourceTree = BUILT_PRODUCTS_DIR; };
		8901EAD9E9DBD03CA9613125 /* Pods-Parstagram.debug.xcconfig */ = {isa = PBXFileReference; includeInIndex = 1; lastKnownFileType = text.xcconfig; name = "Pods-Parstagram.debug.xcconfig"; path = "Target Support Files/Pods-Parstagram/Pods-Parstagram.debug.xcconfig"; sourceTree = "<group>"; };
/* End PBXFileReference section */

/* Begin PBXFrameworksBuildPhase section */
		446BC19425479367008F74D1 /* Frameworks */ = {
			isa = PBXFrameworksBuildPhase;
			buildActionMask = 2147483647;
			files = (
				D817864532EAFFD88AD59DA6 /* Pods_Parstagram.framework in Frameworks */,
			);
			runOnlyForDeploymentPostprocessing = 0;
		};
		446BC1AA25479369008F74D1 /* Frameworks */ = {
			isa = PBXFrameworksBuildPhase;
			buildActionMask = 2147483647;
			files = (
			);
			runOnlyForDeploymentPostprocessing = 0;
		};
		446BC1B525479369008F74D1 /* Frameworks */ = {
			isa = PBXFrameworksBuildPhase;
			buildActionMask = 2147483647;
			files = (
			);
			runOnlyForDeploymentPostprocessing = 0;
		};
/* End PBXFrameworksBuildPhase section */

/* Begin PBXGroup section */
		36E34FEDE37A5557E59C6D05 /* Pods */ = {
			isa = PBXGroup;
			children = (
				8901EAD9E9DBD03CA9613125 /* Pods-Parstagram.debug.xcconfig */,
				51FB5FB1B4210241AF0AA217 /* Pods-Parstagram.release.xcconfig */,
			);
			path = Pods;
			sourceTree = "<group>";
		};
		446BC18E25479367008F74D1 = {
			isa = PBXGroup;
			children = (
				446BC19925479367008F74D1 /* Parstagram */,
				446BC1B025479369008F74D1 /* ParstagramTests */,
				446BC1BB25479369008F74D1 /* ParstagramUITests */,
				446BC19825479367008F74D1 /* Products */,
				36E34FEDE37A5557E59C6D05 /* Pods */,
				F8D6F63E3E2692F8B2D00DCA /* Frameworks */,
			);
			sourceTree = "<group>";
		};
		446BC19825479367008F74D1 /* Products */ = {
			isa = PBXGroup;
			children = (
				446BC19725479367008F74D1 /* Parstagram.app */,
				446BC1AD25479369008F74D1 /* ParstagramTests.xctest */,
				446BC1B825479369008F74D1 /* ParstagramUITests.xctest */,
			);
			name = Products;
			sourceTree = "<group>";
		};
		446BC19925479367008F74D1 /* Parstagram */ = {
			isa = PBXGroup;
			children = (
				446BC19A25479367008F74D1 /* AppDelegate.swift */,
				446BC19C25479367008F74D1 /* SceneDelegate.swift */,
				446BC1A025479367008F74D1 /* Main.storyboard */,
				446BC1A325479369008F74D1 /* Assets.xcassets */,
				446BC1A525479369008F74D1 /* LaunchScreen.storyboard */,
				446BC1A825479369008F74D1 /* Info.plist */,
				446BC1DA254797C5008F74D1 /* LoginViewController.swift */,
				446BC1DF254797CD008F74D1 /* FeedViewController.swift */,
				446BC1EC25479DB3008F74D1 /* CameraViewController.swift */,
				446BC20C2547A6D3008F74D1 /* PostCell.swift */,
			);
			path = Parstagram;
			sourceTree = "<group>";
		};
		446BC1B025479369008F74D1 /* ParstagramTests */ = {
			isa = PBXGroup;
			children = (
				446BC1B125479369008F74D1 /* ParstagramTests.swift */,
				446BC1B325479369008F74D1 /* Info.plist */,
			);
			path = ParstagramTests;
			sourceTree = "<group>";
		};
		446BC1BB25479369008F74D1 /* ParstagramUITests */ = {
			isa = PBXGroup;
			children = (
				446BC1BC25479369008F74D1 /* ParstagramUITests.swift */,
				446BC1BE25479369008F74D1 /* Info.plist */,
			);
			path = ParstagramUITests;
			sourceTree = "<group>";
		};
		F8D6F63E3E2692F8B2D00DCA /* Frameworks */ = {
			isa = PBXGroup;
			children = (
				6C92DDC34C08718BD7B77575 /* Pods_Parstagram.framework */,
			);
			name = Frameworks;
			sourceTree = "<group>";
		};
/* End PBXGroup section */

/* Begin PBXNativeTarget section */
		446BC19625479367008F74D1 /* Parstagram */ = {
			isa = PBXNativeTarget;
			buildConfigurationList = 446BC1C125479369008F74D1 /* Build configuration list for PBXNativeTarget "Parstagram" */;
			buildPhases = (
				5F937F749CD9CD16F25F61B7 /* [CP] Check Pods Manifest.lock */,
				446BC19325479367008F74D1 /* Sources */,
				446BC19425479367008F74D1 /* Frameworks */,
				446BC19525479367008F74D1 /* Resources */,
				1D2B6047EE14623BCCBEC81B /* [CP] Embed Pods Frameworks */,
			);
			buildRules = (
			);
			dependencies = (
			);
			name = Parstagram;
			productName = Parstagram;
			productReference = 446BC19725479367008F74D1 /* Parstagram.app */;
			productType = "com.apple.product-type.application";
		};
		446BC1AC25479369008F74D1 /* ParstagramTests */ = {
			isa = PBXNativeTarget;
			buildConfigurationList = 446BC1C425479369008F74D1 /* Build configuration list for PBXNativeTarget "ParstagramTests" */;
			buildPhases = (
				446BC1A925479369008F74D1 /* Sources */,
				446BC1AA25479369008F74D1 /* Frameworks */,
				446BC1AB25479369008F74D1 /* Resources */,
			);
			buildRules = (
			);
			dependencies = (
				446BC1AF25479369008F74D1 /* PBXTargetDependency */,
			);
			name = ParstagramTests;
			productName = ParstagramTests;
			productReference = 446BC1AD25479369008F74D1 /* ParstagramTests.xctest */;
			productType = "com.apple.product-type.bundle.unit-test";
		};
		446BC1B725479369008F74D1 /* ParstagramUITests */ = {
			isa = PBXNativeTarget;
			buildConfigurationList = 446BC1C725479369008F74D1 /* Build configuration list for PBXNativeTarget "ParstagramUITests" */;
			buildPhases = (
				446BC1B425479369008F74D1 /* Sources */,
				446BC1B525479369008F74D1 /* Frameworks */,
				446BC1B625479369008F74D1 /* Resources */,
			);
			buildRules = (
			);
			dependencies = (
				446BC1BA25479369008F74D1 /* PBXTargetDependency */,
			);
			name = ParstagramUITests;
			productName = ParstagramUITests;
			productReference = 446BC1B825479369008F74D1 /* ParstagramUITests.xctest */;
			productType = "com.apple.product-type.bundle.ui-testing";
		};
/* End PBXNativeTarget section */

/* Begin PBXProject section */
		446BC18F25479367008F74D1 /* Project object */ = {
			isa = PBXProject;
			attributes = {
				LastSwiftUpdateCheck = 1210;
				LastUpgradeCheck = 1210;
				TargetAttributes = {
					446BC19625479367008F74D1 = {
						CreatedOnToolsVersion = 12.1;
					};
					446BC1AC25479369008F74D1 = {
						CreatedOnToolsVersion = 12.1;
						TestTargetID = 446BC19625479367008F74D1;
					};
					446BC1B725479369008F74D1 = {
						CreatedOnToolsVersion = 12.1;
						TestTargetID = 446BC19625479367008F74D1;
					};
				};
			};
			buildConfigurationList = 446BC19225479367008F74D1 /* Build configuration list for PBXProject "Parstagram" */;
			compatibilityVersion = "Xcode 9.3";
			developmentRegion = en;
			hasScannedForEncodings = 0;
			knownRegions = (
				en,
				Base,
			);
			mainGroup = 446BC18E25479367008F74D1;
			productRefGroup = 446BC19825479367008F74D1 /* Products */;
			projectDirPath = "";
			projectRoot = "";
			targets = (
				446BC19625479367008F74D1 /* Parstagram */,
				446BC1AC25479369008F74D1 /* ParstagramTests */,
				446BC1B725479369008F74D1 /* ParstagramUITests */,
			);
		};
/* End PBXProject section */

/* Begin PBXResourcesBuildPhase section */
		446BC19525479367008F74D1 /* Resources */ = {
			isa = PBXResourcesBuildPhase;
			buildActionMask = 2147483647;
			files = (
				446BC1A725479369008F74D1 /* LaunchScreen.storyboard in Resources */,
				446BC1A425479369008F74D1 /* Assets.xcassets in Resources */,
				446BC1A225479367008F74D1 /* Main.storyboard in Resources */,
			);
			runOnlyForDeploymentPostprocessing = 0;
		};
		446BC1AB25479369008F74D1 /* Resources */ = {
			isa = PBXResourcesBuildPhase;
			buildActionMask = 2147483647;
			files = (
			);
			runOnlyForDeploymentPostprocessing = 0;
		};
		446BC1B625479369008F74D1 /* Resources */ = {
			isa = PBXResourcesBuildPhase;
			buildActionMask = 2147483647;
			files = (
			);
			runOnlyForDeploymentPostprocessing = 0;
		};
/* End PBXResourcesBuildPhase section */

/* Begin PBXShellScriptBuildPhase section */
		1D2B6047EE14623BCCBEC81B /* [CP] Embed Pods Frameworks */ = {
			isa = PBXShellScriptBuildPhase;
			buildActionMask = 2147483647;
			files = (
			);
			inputFileListPaths = (
				"${PODS_ROOT}/Target Support Files/Pods-Parstagram/Pods-Parstagram-frameworks-${CONFIGURATION}-input-files.xcfilelist",
			);
			name = "[CP] Embed Pods Frameworks";
			outputFileListPaths = (
				"${PODS_ROOT}/Target Support Files/Pods-Parstagram/Pods-Parstagram-frameworks-${CONFIGURATION}-output-files.xcfilelist",
			);
			runOnlyForDeploymentPostprocessing = 0;
			shellPath = /bin/sh;
			shellScript = "\"${PODS_ROOT}/Target Support Files/Pods-Parstagram/Pods-Parstagram-frameworks.sh\"\n";
			showEnvVarsInLog = 0;
		};
		5F937F749CD9CD16F25F61B7 /* [CP] Check Pods Manifest.lock */ = {
			isa = PBXShellScriptBuildPhase;
			buildActionMask = 2147483647;
			files = (
			);
			inputFileListPaths = (
			);
			inputPaths = (
				"${PODS_PODFILE_DIR_PATH}/Podfile.lock",
				"${PODS_ROOT}/Manifest.lock",
			);
			name = "[CP] Check Pods Manifest.lock";
			outputFileListPaths = (
			);
			outputPaths = (
				"$(DERIVED_FILE_DIR)/Pods-Parstagram-checkManifestLockResult.txt",
			);
			runOnlyForDeploymentPostprocessing = 0;
			shellPath = /bin/sh;
			shellScript = "diff \"${PODS_PODFILE_DIR_PATH}/Podfile.lock\" \"${PODS_ROOT}/Manifest.lock\" > /dev/null\nif [ $? != 0 ] ; then\n    # print error to STDERR\n    echo \"error: The sandbox is not in sync with the Podfile.lock. Run 'pod install' or update your CocoaPods installation.\" >&2\n    exit 1\nfi\n# This output is used by Xcode 'outputs' to avoid re-running this script phase.\necho \"SUCCESS\" > \"${SCRIPT_OUTPUT_FILE_0}\"\n";
			showEnvVarsInLog = 0;
		};
/* End PBXShellScriptBuildPhase section */

/* Begin PBXSourcesBuildPhase section */
		446BC19325479367008F74D1 /* Sources */ = {
			isa = PBXSourcesBuildPhase;
			buildActionMask = 2147483647;
			files = (
				446BC1DB254797C5008F74D1 /* LoginViewController.swift in Sources */,
				446BC1ED25479DB3008F74D1 /* CameraViewController.swift in Sources */,
				446BC19B25479367008F74D1 /* AppDelegate.swift in Sources */,
				446BC1E0254797CD008F74D1 /* FeedViewController.swift in Sources */,
				446BC19D25479367008F74D1 /* SceneDelegate.swift in Sources */,
				446BC20D2547A6D3008F74D1 /* PostCell.swift in Sources */,
			);
			runOnlyForDeploymentPostprocessing = 0;
		};
		446BC1A925479369008F74D1 /* Sources */ = {
			isa = PBXSourcesBuildPhase;
			buildActionMask = 2147483647;
			files = (
				446BC1B225479369008F74D1 /* ParstagramTests.swift in Sources */,
			);
			runOnlyForDeploymentPostprocessing = 0;
		};
		446BC1B425479369008F74D1 /* Sources */ = {
			isa = PBXSourcesBuildPhase;
			buildActionMask = 2147483647;
			files = (
				446BC1BD25479369008F74D1 /* ParstagramUITests.swift in Sources */,
			);
			runOnlyForDeploymentPostprocessing = 0;
		};
/* End PBXSourcesBuildPhase section */

/* Begin PBXTargetDependency section */
		446BC1AF25479369008F74D1 /* PBXTargetDependency */ = {
			isa = PBXTargetDependency;
			target = 446BC19625479367008F74D1 /* Parstagram */;
			targetProxy = 446BC1AE25479369008F74D1 /* PBXContainerItemProxy */;
		};
		446BC1BA25479369008F74D1 /* PBXTargetDependency */ = {
			isa = PBXTargetDependency;
			target = 446BC19625479367008F74D1 /* Parstagram */;
			targetProxy = 446BC1B925479369008F74D1 /* PBXContainerItemProxy */;
		};
/* End PBXTargetDependency section */

/* Begin PBXVariantGroup section */
		446BC1A025479367008F74D1 /* Main.storyboard */ = {
			isa = PBXVariantGroup;
			children = (
				446BC1A125479367008F74D1 /* Base */,
			);
			name = Main.storyboard;
			sourceTree = "<group>";
		};
		446BC1A525479369008F74D1 /* LaunchScreen.storyboard */ = {
			isa = PBXVariantGroup;
			children = (
				446BC1A625479369008F74D1 /* Base */,
			);
			name = LaunchScreen.storyboard;
			sourceTree = "<group>";
		};
/* End PBXVariantGroup section */

/* Begin XCBuildConfiguration section */
		446BC1BF25479369008F74D1 /* Debug */ = {
			isa = XCBuildConfiguration;
			buildSettings = {
				ALWAYS_SEARCH_USER_PATHS = NO;
				CLANG_ANALYZER_NONNULL = YES;
				CLANG_ANALYZER_NUMBER_OBJECT_CONVERSION = YES_AGGRESSIVE;
				CLANG_CXX_LANGUAGE_STANDARD = "gnu++14";
				CLANG_CXX_LIBRARY = "libc++";
				CLANG_ENABLE_MODULES = YES;
				CLANG_ENABLE_OBJC_ARC = YES;
				CLANG_ENABLE_OBJC_WEAK = YES;
				CLANG_WARN_BLOCK_CAPTURE_AUTORELEASING = YES;
				CLANG_WARN_BOOL_CONVERSION = YES;
				CLANG_WARN_COMMA = YES;
				CLANG_WARN_CONSTANT_CONVERSION = YES;
				CLANG_WARN_DEPRECATED_OBJC_IMPLEMENTATIONS = YES;
				CLANG_WARN_DIRECT_OBJC_ISA_USAGE = YES_ERROR;
				CLANG_WARN_DOCUMENTATION_COMMENTS = YES;
				CLANG_WARN_EMPTY_BODY = YES;
				CLANG_WARN_ENUM_CONVERSION = YES;
				CLANG_WARN_INFINITE_RECURSION = YES;
				CLANG_WARN_INT_CONVERSION = YES;
				CLANG_WARN_NON_LITERAL_NULL_CONVERSION = YES;
				CLANG_WARN_OBJC_IMPLICIT_RETAIN_SELF = YES;
				CLANG_WARN_OBJC_LITERAL_CONVERSION = YES;
				CLANG_WARN_OBJC_ROOT_CLASS = YES_ERROR;
				CLANG_WARN_QUOTED_INCLUDE_IN_FRAMEWORK_HEADER = YES;
				CLANG_WARN_RANGE_LOOP_ANALYSIS = YES;
				CLANG_WARN_STRICT_PROTOTYPES = YES;
				CLANG_WARN_SUSPICIOUS_MOVE = YES;
				CLANG_WARN_UNGUARDED_AVAILABILITY = YES_AGGRESSIVE;
				CLANG_WARN_UNREACHABLE_CODE = YES;
				CLANG_WARN__DUPLICATE_METHOD_MATCH = YES;
				COPY_PHASE_STRIP = NO;
				DEBUG_INFORMATION_FORMAT = dwarf;
				ENABLE_STRICT_OBJC_MSGSEND = YES;
				ENABLE_TESTABILITY = YES;
				GCC_C_LANGUAGE_STANDARD = gnu11;
				GCC_DYNAMIC_NO_PIC = NO;
				GCC_NO_COMMON_BLOCKS = YES;
				GCC_OPTIMIZATION_LEVEL = 0;
				GCC_PREPROCESSOR_DEFINITIONS = (
					"DEBUG=1",
					"$(inherited)",
				);
				GCC_WARN_64_TO_32_BIT_CONVERSION = YES;
				GCC_WARN_ABOUT_RETURN_TYPE = YES_ERROR;
				GCC_WARN_UNDECLARED_SELECTOR = YES;
				GCC_WARN_UNINITIALIZED_AUTOS = YES_AGGRESSIVE;
				GCC_WARN_UNUSED_FUNCTION = YES;
				GCC_WARN_UNUSED_VARIABLE = YES;
				IPHONEOS_DEPLOYMENT_TARGET = 14.1;
				MTL_ENABLE_DEBUG_INFO = INCLUDE_SOURCE;
				MTL_FAST_MATH = YES;
				ONLY_ACTIVE_ARCH = YES;
				SDKROOT = iphoneos;
				SWIFT_ACTIVE_COMPILATION_CONDITIONS = DEBUG;
				SWIFT_OPTIMIZATION_LEVEL = "-Onone";
			};
			name = Debug;
		};
		446BC1C025479369008F74D1 /* Release */ = {
			isa = XCBuildConfiguration;
			buildSettings = {
				ALWAYS_SEARCH_USER_PATHS = NO;
				CLANG_ANALYZER_NONNULL = YES;
				CLANG_ANALYZER_NUMBER_OBJECT_CONVERSION = YES_AGGRESSIVE;
				CLANG_CXX_LANGUAGE_STANDARD = "gnu++14";
				CLANG_CXX_LIBRARY = "libc++";
				CLANG_ENABLE_MODULES = YES;
				CLANG_ENABLE_OBJC_ARC = YES;
				CLANG_ENABLE_OBJC_WEAK = YES;
				CLANG_WARN_BLOCK_CAPTURE_AUTORELEASING = YES;
				CLANG_WARN_BOOL_CONVERSION = YES;
				CLANG_WARN_COMMA = YES;
				CLANG_WARN_CONSTANT_CONVERSION = YES;
				CLANG_WARN_DEPRECATED_OBJC_IMPLEMENTATIONS = YES;
				CLANG_WARN_DIRECT_OBJC_ISA_USAGE = YES_ERROR;
				CLANG_WARN_DOCUMENTATION_COMMENTS = YES;
				CLANG_WARN_EMPTY_BODY = YES;
				CLANG_WARN_ENUM_CONVERSION = YES;
				CLANG_WARN_INFINITE_RECURSION = YES;
				CLANG_WARN_INT_CONVERSION = YES;
				CLANG_WARN_NON_LITERAL_NULL_CONVERSION = YES;
				CLANG_WARN_OBJC_IMPLICIT_RETAIN_SELF = YES;
				CLANG_WARN_OBJC_LITERAL_CONVERSION = YES;
				CLANG_WARN_OBJC_ROOT_CLASS = YES_ERROR;
				CLANG_WARN_QUOTED_INCLUDE_IN_FRAMEWORK_HEADER = YES;
				CLANG_WARN_RANGE_LOOP_ANALYSIS = YES;
				CLANG_WARN_STRICT_PROTOTYPES = YES;
				CLANG_WARN_SUSPICIOUS_MOVE = YES;
				CLANG_WARN_UNGUARDED_AVAILABILITY = YES_AGGRESSIVE;
				CLANG_WARN_UNREACHABLE_CODE = YES;
				CLANG_WARN__DUPLICATE_METHOD_MATCH = YES;
				COPY_PHASE_STRIP = NO;
				DEBUG_INFORMATION_FORMAT = "dwarf-with-dsym";
				ENABLE_NS_ASSERTIONS = NO;
				ENABLE_STRICT_OBJC_MSGSEND = YES;
				GCC_C_LANGUAGE_STANDARD = gnu11;
				GCC_NO_COMMON_BLOCKS = YES;
				GCC_WARN_64_TO_32_BIT_CONVERSION = YES;
				GCC_WARN_ABOUT_RETURN_TYPE = YES_ERROR;
				GCC_WARN_UNDECLARED_SELECTOR = YES;
				GCC_WARN_UNINITIALIZED_AUTOS = YES_AGGRESSIVE;
				GCC_WARN_UNUSED_FUNCTION = YES;
				GCC_WARN_UNUSED_VARIABLE = YES;
				IPHONEOS_DEPLOYMENT_TARGET = 14.1;
				MTL_ENABLE_DEBUG_INFO = NO;
				MTL_FAST_MATH = YES;
				SDKROOT = iphoneos;
				SWIFT_COMPILATION_MODE = wholemodule;
				SWIFT_OPTIMIZATION_LEVEL = "-O";
				VALIDATE_PRODUCT = YES;
			};
			name = Release;
		};
		446BC1C225479369008F74D1 /* Debug */ = {
			isa = XCBuildConfiguration;
			baseConfigurationReference = 8901EAD9E9DBD03CA9613125 /* Pods-Parstagram.debug.xcconfig */;
			buildSettings = {
				ASSETCATALOG_COMPILER_APPICON_NAME = AppIcon;
				ASSETCATALOG_COMPILER_GLOBAL_ACCENT_COLOR_NAME = AccentColor;
				CODE_SIGN_STYLE = Automatic;
				DEVELOPMENT_TEAM = S96SLWHZ5C;
				INFOPLIST_FILE = Parstagram/Info.plist;
				LD_RUNPATH_SEARCH_PATHS = (
					"$(inherited)",
					"@executable_path/Frameworks",
				);
				PRODUCT_BUNDLE_IDENTIFIER = craigsmith.dev.Parstagram;
				PRODUCT_NAME = "$(TARGET_NAME)";
				SWIFT_VERSION = 5.0;
				TARGETED_DEVICE_FAMILY = "1,2";
			};
			name = Debug;
		};
		446BC1C325479369008F74D1 /* Release */ = {
			isa = XCBuildConfiguration;
			baseConfigurationReference = 51FB5FB1B4210241AF0AA217 /* Pods-Parstagram.release.xcconfig */;
			buildSettings = {
				ASSETCATALOG_COMPILER_APPICON_NAME = AppIcon;
				ASSETCATALOG_COMPILER_GLOBAL_ACCENT_COLOR_NAME = AccentColor;
				CODE_SIGN_STYLE = Automatic;
				DEVELOPMENT_TEAM = S96SLWHZ5C;
				INFOPLIST_FILE = Parstagram/Info.plist;
				LD_RUNPATH_SEARCH_PATHS = (
					"$(inherited)",
					"@executable_path/Frameworks",
				);
				PRODUCT_BUNDLE_IDENTIFIER = craigsmith.dev.Parstagram;
				PRODUCT_NAME = "$(TARGET_NAME)";
				SWIFT_VERSION = 5.0;
				TARGETED_DEVICE_FAMILY = "1,2";
			};
			name = Release;
		};
		446BC1C525479369008F74D1 /* Debug */ = {
			isa = XCBuildConfiguration;
			buildSettings = {
				ALWAYS_EMBED_SWIFT_STANDARD_LIBRARIES = YES;
				BUNDLE_LOADER = "$(TEST_HOST)";
				CODE_SIGN_STYLE = Automatic;
				DEVELOPMENT_TEAM = S96SLWHZ5C;
				INFOPLIST_FILE = ParstagramTests/Info.plist;
				IPHONEOS_DEPLOYMENT_TARGET = 14.1;
				LD_RUNPATH_SEARCH_PATHS = (
					"$(inherited)",
					"@executable_path/Frameworks",
					"@loader_path/Frameworks",
				);
				PRODUCT_BUNDLE_IDENTIFIER = craigsmith.dev.ParstagramTests;
				PRODUCT_NAME = "$(TARGET_NAME)";
				SWIFT_VERSION = 5.0;
				TARGETED_DEVICE_FAMILY = "1,2";
				TEST_HOST = "$(BUILT_PRODUCTS_DIR)/Parstagram.app/Parstagram";
			};
			name = Debug;
		};
		446BC1C625479369008F74D1 /* Release */ = {
			isa = XCBuildConfiguration;
			buildSettings = {
				ALWAYS_EMBED_SWIFT_STANDARD_LIBRARIES = YES;
				BUNDLE_LOADER = "$(TEST_HOST)";
				CODE_SIGN_STYLE = Automatic;
				DEVELOPMENT_TEAM = S96SLWHZ5C;
				INFOPLIST_FILE = ParstagramTests/Info.plist;
				IPHONEOS_DEPLOYMENT_TARGET = 14.1;
				LD_RUNPATH_SEARCH_PATHS = (
					"$(inherited)",
					"@executable_path/Frameworks",
					"@loader_path/Frameworks",
				);
				PRODUCT_BUNDLE_IDENTIFIER = craigsmith.dev.ParstagramTests;
				PRODUCT_NAME = "$(TARGET_NAME)";
				SWIFT_VERSION = 5.0;
				TARGETED_DEVICE_FAMILY = "1,2";
				TEST_HOST = "$(BUILT_PRODUCTS_DIR)/Parstagram.app/Parstagram";
			};
			name = Release;
		};
		446BC1C825479369008F74D1 /* Debug */ = {
			isa = XCBuildConfiguration;
			buildSettings = {
				ALWAYS_EMBED_SWIFT_STANDARD_LIBRARIES = YES;
				CODE_SIGN_STYLE = Automatic;
				DEVELOPMENT_TEAM = S96SLWHZ5C;
				INFOPLIST_FILE = ParstagramUITests/Info.plist;
				LD_RUNPATH_SEARCH_PATHS = (
					"$(inherited)",
					"@executable_path/Frameworks",
					"@loader_path/Frameworks",
				);
				PRODUCT_BUNDLE_IDENTIFIER = craigsmith.dev.ParstagramUITests;
				PRODUCT_NAME = "$(TARGET_NAME)";
				SWIFT_VERSION = 5.0;
				TARGETED_DEVICE_FAMILY = "1,2";
				TEST_TARGET_NAME = Parstagram;
			};
			name = Debug;
		};
		446BC1C925479369008F74D1 /* Release */ = {
			isa = XCBuildConfiguration;
			buildSettings = {
				ALWAYS_EMBED_SWIFT_STANDARD_LIBRARIES = YES;
				CODE_SIGN_STYLE = Automatic;
				DEVELOPMENT_TEAM = S96SLWHZ5C;
				INFOPLIST_FILE = ParstagramUITests/Info.plist;
				LD_RUNPATH_SEARCH_PATHS = (
					"$(inherited)",
					"@executable_path/Frameworks",
					"@loader_path/Frameworks",
				);
				PRODUCT_BUNDLE_IDENTIFIER = craigsmith.dev.ParstagramUITests;
				PRODUCT_NAME = "$(TARGET_NAME)";
				SWIFT_VERSION = 5.0;
				TARGETED_DEVICE_FAMILY = "1,2";
				TEST_TARGET_NAME = Parstagram;
			};
			name = Release;
		};
/* End XCBuildConfiguration section */

/* Begin XCConfigurationList section */
		446BC19225479367008F74D1 /* Build configuration list for PBXProject "Parstagram" */ = {
			isa = XCConfigurationList;
			buildConfigurations = (
				446BC1BF25479369008F74D1 /* Debug */,
				446BC1C025479369008F74D1 /* Release */,
			);
			defaultConfigurationIsVisible = 0;
			defaultConfigurationName = Release;
		};
		446BC1C125479369008F74D1 /* Build configuration list for PBXNativeTarget "Parstagram" */ = {
			isa = XCConfigurationList;
			buildConfigurations = (
				446BC1C225479369008F74D1 /* Debug */,
				446BC1C325479369008F74D1 /* Release */,
			);
			defaultConfigurationIsVisible = 0;
			defaultConfigurationName = Release;
		};
		446BC1C425479369008F74D1 /* Build configuration list for PBXNativeTarget "ParstagramTests" */ = {
			isa = XCConfigurationList;
			buildConfigurations = (
				446BC1C525479369008F74D1 /* Debug */,
				446BC1C625479369008F74D1 /* Release */,
			);
			defaultConfigurationIsVisible = 0;
			defaultConfigurationName = Release;
		};
		446BC1C725479369008F74D1 /* Build configuration list for PBXNativeTarget "ParstagramUITests" */ = {
			isa = XCConfigurationList;
			buildConfigurations = (
				446BC1C825479369008F74D1 /* Debug */,
				446BC1C925479369008F74D1 /* Release */,
			);
			defaultConfigurationIsVisible = 0;
			defaultConfigurationName = Release;
		};
/* End XCConfigurationList section */
	};
	rootObject = 446BC18F25479367008F74D1 /* Project object */;
}
